
Microsoft Visual Studio Solution File, Format Version 12.00
# Visual Studio Version 17
VisualStudioVersion = 17.14.36518.9 d17.14
MinimumVisualStudioVersion = 10.0.40219.1
Project("{FAE04EC0-301F-11D3-BF4B-00C04F79EFBC}") = "UnitTestWithGithubActionDemo", "UnitTestWithGithubActionDemo\UnitTestWithGithubActionDemo.csproj", "{FA2D49ED-04CC-4084-A58A-01E76B6145FD}"
EndProject
Project("{FAE04EC0-301F-11D3-BF4B-00C04F79EFBC}") = "Calculator.Tests", "Calculator.Tests\Calculator.Tests.csproj", "{F3F10F34-2673-4DB4-A4E7-E051D97A5620}"
EndProject
Global
	GlobalSection(SolutionConfigurationPlatforms) = preSolution
		Debug|Any CPU = Debug|Any CPU
		Release|Any CPU = Release|Any CPU
	EndGlobalSection
	GlobalSection(ProjectConfigurationPlatforms) = postSolution
		{FA2D49ED-04CC-4084-A58A-01E76B6145FD}.Debug|Any CPU.ActiveCfg = Debug|Any CPU
		{FA2D49ED-04CC-4084-A58A-01E76B6145FD}.Debug|Any CPU.Build.0 = Debug|Any CPU
		{FA2D49ED-04CC-4084-A58A-01E76B6145FD}.Release|Any CPU.ActiveCfg = Release|Any CPU
		{FA2D49ED-04CC-4084-A58A-01E76B6145FD}.Release|Any CPU.Build.0 = Release|Any CPU
		{F3F10F34-2673-4DB4-A4E7-E051D97A5620}.Debug|Any CPU.ActiveCfg = Debug|Any CPU
		{F3F10F34-2673-4DB4-A4E7-E051D97A5620}.Debug|Any CPU.Build.0 = Debug|Any CPU
		{F3F10F34-2673-4DB4-A4E7-E051D97A5620}.Release|Any CPU.ActiveCfg = Release|Any CPU
		{F3F10F34-2673-4DB4-A4E7-E051D97A5620}.Release|Any CPU.Build.0 = Release|Any CPU
	EndGlobalSection
	GlobalSection(SolutionProperties) = preSolution
		HideSolutionNode = FALSE
	EndGlobalSection
	GlobalSection(ExtensibilityGlobals) = postSolution
		SolutionGuid = {26161165-9DA4-4BF0-A3D4-62C702023DC9}
	EndGlobalSection
EndGlobal
